# This file is automatically @generated by Poetry 1.7.1 and should not be changed by hand.

[[package]]
name = "autocommand"
version = "2.2.2"
description = "A library to create a command-line program from a function"
optional = false
python-versions = ">=3.7"
files = [
    {file = "autocommand-2.2.2-py3-none-any.whl", hash = "sha256:710afe251075e038e19e815e25f8155cabe02196cfb545b2185e0d9c8b2b0459"},
    {file = "autocommand-2.2.2.tar.gz", hash = "sha256:878de9423c5596491167225c2a455043c3130fb5b7286ac83443d45e74955f34"},
]

[[package]]
name = "backports-tarfile"
version = "1.2.0"
description = "Backport of CPython tarfile module"
optional = false
python-versions = ">=3.8"
files = [
    {file = "backports.tarfile-1.2.0-py3-none-any.whl", hash = "sha256:77e284d754527b01fb1e6fa8a1afe577858ebe4e9dad8919e34c862cb399bc34"},
    {file = "backports_tarfile-1.2.0.tar.gz", hash = "sha256:d75e02c268746e1b8144c278978b6e98e85de6ad16f8e4b0844a154557eca991"},
]

[package.extras]
docs = ["furo", "jaraco.packaging (>=9.3)", "rst.linker (>=1.9)", "sphinx (>=3.5)", "sphinx-lint"]
testing = ["jaraco.test", "pytest (!=8.0.*)", "pytest (>=6,!=8.1.*)", "pytest-checkdocs (>=2.4)", "pytest-cov", "pytest-enabler (>=2.2)"]

[[package]]
name = "cheroot"
version = "10.0.1"
description = "Highly-optimized, pure-python HTTP server"
optional = false
python-versions = ">=3.6"
files = [
    {file = "cheroot-10.0.1-py3-none-any.whl", hash = "sha256:6ea332f20bfcede14e66174d112b30e9807492320d737ca628badc924d997595"},
    {file = "cheroot-10.0.1.tar.gz", hash = "sha256:e0b82f797658d26b8613ec8eb563c3b08e6bd6a7921e9d5089bd1175ad1b1740"},
]

[package.dependencies]
"jaraco.functools" = "*"
more-itertools = ">=2.6"

[package.extras]
docs = ["furo", "jaraco.packaging (>=3.2)", "python-dateutil", "sphinx (>=1.8.2)", "sphinx-tabs (>=1.1.0)", "sphinxcontrib-apidoc (>=0.3.0)"]

[[package]]
name = "cherrypy"
version = "18.10.0"
description = "Object-Oriented HTTP framework"
optional = false
python-versions = ">=3.6"
files = [
    {file = "CherryPy-18.10.0-py3-none-any.whl", hash = "sha256:129e444b9a63cea4e765481b156376f1cfe319e64caaaec2485636532373b298"},
    {file = "cherrypy-18.10.0.tar.gz", hash = "sha256:6c70e78ee11300e8b21c0767c542ae6b102a49cac5cfd4e3e313d7bb907c5891"},
]

[package.dependencies]
cheroot = ">=8.2.1"
"jaraco.collections" = "*"
more-itertools = "*"
portend = ">=2.1.1"
"zc.lockfile" = "*"

[package.extras]
docs = ["alabaster", "docutils", "jaraco.packaging (>=3.2)", "rst.linker (>=1.11)", "sphinx", "sphinxcontrib-apidoc (>=0.3.0)"]
json = ["simplejson"]
memcached-session = ["python-memcached (>=1.58)"]
routes-dispatcher = ["routes (>=2.3.1)"]
ssl = ["pyOpenSSL"]
testing = ["objgraph", "path.py", "pytest (>=5.3.5)", "pytest-cov", "pytest-forked", "pytest-services (>=2)", "pytest-sugar", "requests-toolbelt", "setuptools"]
xcgi = ["flup"]

[[package]]
name = "jaraco-collections"
version = "5.1.0"
description = "Collection objects similar to those in stdlib by jaraco"
optional = false
python-versions = ">=3.8"
files = [
    {file = "jaraco.collections-5.1.0-py3-none-any.whl", hash = "sha256:a9480be7fe741d34639b3c32049066d7634b520746552d1a5d0fcda07ada1020"},
    {file = "jaraco_collections-5.1.0.tar.gz", hash = "sha256:0e4829409d39ad18a40aa6754fee2767f4d9730c4ba66dc9df89f1d2756994c2"},
]

[package.dependencies]
"jaraco.text" = "*"

[package.extras]
check = ["pytest-checkdocs (>=2.4)", "pytest-ruff (>=0.2.1)"]
cover = ["pytest-cov"]
doc = ["furo", "jaraco.packaging (>=9.3)", "jaraco.tidelift (>=1.4)", "rst.linker (>=1.9)", "sphinx (>=3.5)", "sphinx-lint"]
enabler = ["pytest-enabler (>=2.2)"]
test = ["pytest (>=6,!=8.1.*)"]
type = ["pytest-mypy"]

[[package]]
name = "jaraco-context"
version = "6.0.1"
description = "Useful decorators and context managers"
optional = false
python-versions = ">=3.8"
files = [
    {file = "jaraco.context-6.0.1-py3-none-any.whl", hash = "sha256:f797fc481b490edb305122c9181830a3a5b76d84ef6d1aef2fb9b47ab956f9e4"},
    {file = "jaraco_context-6.0.1.tar.gz", hash = "sha256:9bae4ea555cf0b14938dc0aee7c9f32ed303aa20a3b73e7dc80111628792d1b3"},
]

[package.dependencies]
"backports.tarfile" = {version = "*", markers = "python_version < \"3.12\""}

[package.extras]
doc = ["furo", "jaraco.packaging (>=9.3)", "jaraco.tidelift (>=1.4)", "rst.linker (>=1.9)", "sphinx (>=3.5)", "sphinx-lint"]
test = ["portend", "pytest (>=6,!=8.1.*)", "pytest-checkdocs (>=2.4)", "pytest-cov", "pytest-enabler (>=2.2)", "pytest-mypy", "pytest-ruff (>=0.2.1)"]

[[package]]
name = "jaraco-functools"
version = "4.1.0"
description = "Functools like those found in stdlib"
optional = false
python-versions = ">=3.8"
files = [
    {file = "jaraco.functools-4.1.0-py3-none-any.whl", hash = "sha256:ad159f13428bc4acbf5541ad6dec511f91573b90fba04df61dafa2a1231cf649"},
    {file = "jaraco_functools-4.1.0.tar.gz", hash = "sha256:70f7e0e2ae076498e212562325e805204fc092d7b4c17e0e86c959e249701a9d"},
]

[package.dependencies]
more-itertools = "*"

[package.extras]
check = ["pytest-checkdocs (>=2.4)", "pytest-ruff (>=0.2.1)"]
cover = ["pytest-cov"]
doc = ["furo", "jaraco.packaging (>=9.3)", "jaraco.tidelift (>=1.4)", "rst.linker (>=1.9)", "sphinx (>=3.5)", "sphinx-lint"]
enabler = ["pytest-enabler (>=2.2)"]
test = ["jaraco.classes", "pytest (>=6,!=8.1.*)"]
type = ["pytest-mypy"]

[[package]]
name = "jaraco-text"
version = "4.0.0"
description = "Module for text manipulation"
optional = false
python-versions = ">=3.8"
files = [
    {file = "jaraco.text-4.0.0-py3-none-any.whl", hash = "sha256:08de508939b5e681b14cdac2f1f73036cd97f6f8d7b25e96b8911a9a428ca0d1"},
    {file = "jaraco_text-4.0.0.tar.gz", hash = "sha256:5b71fecea69ab6f939d4c906c04fee1eda76500d1641117df6ec45b865f10db0"},
]

[package.dependencies]
autocommand = "*"
"jaraco.context" = ">=4.1"
"jaraco.functools" = "*"
more-itertools = "*"

[package.extras]
doc = ["furo", "jaraco.packaging (>=9.3)", "jaraco.tidelift (>=1.4)", "rst.linker (>=1.9)", "sphinx (>=3.5)", "sphinx-lint"]
inflect = ["inflect"]
test = ["pathlib2", "pytest (>=6,!=8.1.*)", "pytest-checkdocs (>=2.4)", "pytest-cov", "pytest-enabler (>=2.2)", "pytest-mypy", "pytest-ruff (>=0.2.1)"]

[[package]]
name = "more-itertools"
version = "10.5.0"
description = "More routines for operating on iterables, beyond itertools"
optional = false
python-versions = ">=3.8"
files = [
    {file = "more-itertools-10.5.0.tar.gz", hash = "sha256:5482bfef7849c25dc3c6dd53a6173ae4795da2a41a80faea6700d9f5846c5da6"},
    {file = "more_itertools-10.5.0-py3-none-any.whl", hash = "sha256:037b0d3203ce90cca8ab1defbbdac29d5f993fc20131f3664dc8d6acfa872aef"},
]

[[package]]
name = "portend"
version = "3.2.0"
description = "TCP port monitoring and discovery"
optional = false
python-versions = ">=3.8"
files = [
    {file = "portend-3.2.0-py3-none-any.whl", hash = "sha256:8b3fe3f78779df906559a21d9eaa6e21c8fa5a7a8cc76362cbbe1e16777399cf"},
    {file = "portend-3.2.0.tar.gz", hash = "sha256:5250a352c19c959d767cac878b829d93e5dc7625a5143399a2a00dc6628ffb72"},
]

[package.dependencies]
tempora = ">=1.8"

[package.extras]
docs = ["furo", "jaraco.packaging (>=9)", "rst.linker (>=1.9)", "sphinx (>=3.5)", "sphinx-lint"]
testing = ["pytest (>=6)", "pytest-black (>=0.3.7)", "pytest-checkdocs (>=2.4)", "pytest-cov", "pytest-enabler (>=2.2)", "pytest-mypy (>=0.9.1)", "pytest-ruff"]

[[package]]
name = "python-dateutil"
version = "2.9.0.post0"
description = "Extensions to the standard Python datetime module"
optional = false
python-versions = "!=3.0.*,!=3.1.*,!=3.2.*,>=2.7"
files = [
    {file = "python-dateutil-2.9.0.post0.tar.gz", hash = "sha256:37dd54208da7e1cd875388217d5e00ebd4179249f90fb72437e91a35459a0ad3"},
    {file = "python_dateutil-2.9.0.post0-py2.py3-none-any.whl", hash = "sha256:a8b2bc7bffae282281c8140a97d3aa9c14da0b136dfe83f850eea9a5f7470427"},
]

[package.dependencies]
six = ">=1.5"

[[package]]
name = "setuptools"
version = "75.3.0"
description = "Easily download, build, install, upgrade, and uninstall Python packages"
optional = false
python-versions = ">=3.8"
files = [
    {file = "setuptools-75.3.0-py3-none-any.whl", hash = "sha256:f2504966861356aa38616760c0f66568e535562374995367b4e69c7143cf6bcd"},
    {file = "setuptools-75.3.0.tar.gz", hash = "sha256:fba5dd4d766e97be1b1681d98712680ae8f2f26d7881245f2ce9e40714f1a686"},
]

[package.extras]
check = ["pytest-checkdocs (>=2.4)", "pytest-ruff (>=0.2.1)", "ruff (>=0.5.2)"]
core = ["importlib-metadata (>=6)", "importlib-resources (>=5.10.2)", "jaraco.collections", "jaraco.functools", "jaraco.text (>=3.7)", "more-itertools", "more-itertools (>=8.8)", "packaging", "packaging (>=24)", "platformdirs (>=4.2.2)", "tomli (>=2.0.1)", "wheel (>=0.43.0)"]
cover = ["pytest-cov"]
doc = ["furo", "jaraco.packaging (>=9.3)", "jaraco.tidelift (>=1.4)", "pygments-github-lexers (==0.0.5)", "pyproject-hooks (!=1.1)", "rst.linker (>=1.9)", "sphinx (>=3.5)", "sphinx-favicon", "sphinx-inline-tabs", "sphinx-lint", "sphinx-notfound-page (>=1,<2)", "sphinx-reredirects", "sphinxcontrib-towncrier", "towncrier (<24.7)"]
enabler = ["pytest-enabler (>=2.2)"]
test = ["build[virtualenv] (>=1.0.3)", "filelock (>=3.4.0)", "ini2toml[lite] (>=0.14)", "jaraco.develop (>=7.21)", "jaraco.envs (>=2.2)", "jaraco.path (>=3.2.0)", "jaraco.test (>=5.5)", "packaging (>=23.2)", "pip (>=19.1)", "pyproject-hooks (!=1.1)", "pytest (>=6,!=8.1.*)", "pytest-home (>=0.5)", "pytest-perf", "pytest-subprocess", "pytest-timeout", "pytest-xdist (>=3)", "tomli-w (>=1.0.0)", "virtualenv (>=13.0.0)", "wheel (>=0.44.0)"]
type = ["importlib-metadata (>=7.0.2)", "jaraco.develop (>=7.21)", "mypy (==1.12.*)", "pytest-mypy"]

[[package]]
name = "six"
version = "1.16.0"
description = "Python 2 and 3 compatibility utilities"
optional = false
python-versions = ">=2.7, !=3.0.*, !=3.1.*, !=3.2.*"
files = [
    {file = "six-1.16.0-py2.py3-none-any.whl", hash = "sha256:8abb2f1d86890a2dfb989f9a77cfcfd3e47c2a354b01111771326f8aa26e0254"},
    {file = "six-1.16.0.tar.gz", hash = "sha256:1e61c37477a1626458e36f7b1d82aa5c9b094fa4802892072e49de9c60c4c926"},
]

[[package]]
name = "tempora"
version = "5.7.0"
description = "Objects and routines pertaining to date and time (tempora)"
optional = false
python-versions = ">=3.8"
files = [
    {file = "tempora-5.7.0-py3-none-any.whl", hash = "sha256:93dac0d33825e66c8314d7bd206b9ecb959075c8728bb05b9b050b2726d0442a"},
    {file = "tempora-5.7.0.tar.gz", hash = "sha256:888190a2dbe3255ff26dfa9fcecb25f4d38434c0f1943cd61de98bb41c410c50"},
]

[package.dependencies]
"jaraco.functools" = ">=1.20"
python-dateutil = "*"

[package.extras]
doc = ["furo", "jaraco.packaging (>=9.3)", "jaraco.tidelift (>=1.4)", "rst.linker (>=1.9)", "sphinx (>=3.5)", "sphinx-lint"]
test = ["backports.zoneinfo", "pytest (>=6,!=8.1.*)", "pytest-checkdocs (>=2.4)", "pytest-cov", "pytest-enabler (>=2.2)", "pytest-freezer", "pytest-mypy", "pytest-ruff (>=0.2.1)", "types-python-dateutil", "tzdata"]

[[package]]
name = "zc-lockfile"
version = "3.0.post1"
description = "Basic inter-process locks"
optional = false
python-versions = ">=3.7"
files = [
    {file = "zc.lockfile-3.0.post1-py3-none-any.whl", hash = "sha256:ddb2d71088c061dc8a5edbaa346b637d742ca1e1564be75cb98e7dcae715de19"},
    {file = "zc.lockfile-3.0.post1.tar.gz", hash = "sha256:adb2ee6d9e6a2333c91178dcb2c9b96a5744c78edb7712dc784a7d75648e81ec"},
]

[package.dependencies]
setuptools = "*"

[package.extras]
test = ["zope.testing"]

[metadata]
lock-version = "2.0"
python-versions = "^3.10"
content-hash = "d99d4e6899e566aef28b0bc7c9c71e67930ee717a7b4658c307476089e0bbc11"
